
Microsoft Visual Studio Solution File, Format Version 12.00
# Visual Studio Version 17
VisualStudioVersion = 17.9.34723.18
MinimumVisualStudioVersion = 10.0.40219.1
Project("{9A19103F-16F7-4668-BE54-9A1E7A4F7556}") = "StartBootstrap1", "StartBootstrap1\StartBootstrap1.csproj", "{A7DCE9A3-314B-4ECB-8BE5-B1708603556B}"
EndProject
Project("{9A19103F-16F7-4668-BE54-9A1E7A4F7556}") = "StartBootstrap2", "StartBootstrap2\StartBootstrap2.csproj", "{6212C6A4-11BE-4679-A0CB-A9BE1D794DBA}"
EndProject
Project("{FAE04EC0-301F-11D3-BF4B-00C04F79EFBC}") = "Eterna", "Eterna\Eterna.csproj", "{F2860E53-526A-42ED-836A-6D5A4DBCEC65}"
EndProject
Global
	GlobalSection(SolutionConfigurationPlatforms) = preSolution
		Debug|Any CPU = Debug|Any CPU
		Release|Any CPU = Release|Any CPU
	EndGlobalSection
	GlobalSection(ProjectConfigurationPlatforms) = postSolution
		{A7DCE9A3-314B-4ECB-8BE5-B1708603556B}.Debug|Any CPU.ActiveCfg = Debug|Any CPU
		{A7DCE9A3-314B-4ECB-8BE5-B1708603556B}.Debug|Any CPU.Build.0 = Debug|Any CPU
		{A7DCE9A3-314B-4ECB-8BE5-B1708603556B}.Release|Any CPU.ActiveCfg = Release|Any CPU
		{A7DCE9A3-314B-4ECB-8BE5-B1708603556B}.Release|Any CPU.Build.0 = Release|Any CPU
		{6212C6A4-11BE-4679-A0CB-A9BE1D794DBA}.Debug|Any CPU.ActiveCfg = Debug|Any CPU
		{6212C6A4-11BE-4679-A0CB-A9BE1D794DBA}.Debug|Any CPU.Build.0 = Debug|Any CPU
		{6212C6A4-11BE-4679-A0CB-A9BE1D794DBA}.Release|Any CPU.ActiveCfg = Release|Any CPU
		{6212C6A4-11BE-4679-A0CB-A9BE1D794DBA}.Release|Any CPU.Build.0 = Release|Any CPU
		{F2860E53-526A-42ED-836A-6D5A4DBCEC65}.Debug|Any CPU.ActiveCfg = Debug|Any CPU
		{F2860E53-526A-42ED-836A-6D5A4DBCEC65}.Debug|Any CPU.Build.0 = Debug|Any CPU
		{F2860E53-526A-42ED-836A-6D5A4DBCEC65}.Release|Any CPU.ActiveCfg = Release|Any CPU
		{F2860E53-526A-42ED-836A-6D5A4DBCEC65}.Release|Any CPU.Build.0 = Release|Any CPU
	EndGlobalSection
	GlobalSection(SolutionProperties) = preSolution
		HideSolutionNode = FALSE
	EndGlobalSection
	GlobalSection(ExtensibilityGlobals) = postSolution
		SolutionGuid = {3618AFF4-3781-47C7-B131-D6DAAF5F199D}
	EndGlobalSection
EndGlobal
