
Microsoft Visual Studio Solution File, Format Version 12.00
# Visual Studio Version 17
VisualStudioVersion = 17.9.34723.18
MinimumVisualStudioVersion = 10.0.40219.1
Project("{FAE04EC0-301F-11D3-BF4B-00C04F79EFBC}") = "MVC_First", "MVC_First\MVC_First.csproj", "{5F46B516-5338-48C0-BC76-A5CBBAB88A93}"
EndProject
Global
	GlobalSection(SolutionConfigurationPlatforms) = preSolution
		Debug|Any CPU = Debug|Any CPU
		Release|Any CPU = Release|Any CPU
	EndGlobalSection
	GlobalSection(ProjectConfigurationPlatforms) = postSolution
		{5F46B516-5338-48C0-BC76-A5CBBAB88A93}.Debug|Any CPU.ActiveCfg = Debug|Any CPU
		{5F46B516-5338-48C0-BC76-A5CBBAB88A93}.Debug|Any CPU.Build.0 = Debug|Any CPU
		{5F46B516-5338-48C0-BC76-A5CBBAB88A93}.Release|Any CPU.ActiveCfg = Release|Any CPU
		{5F46B516-5338-48C0-BC76-A5CBBAB88A93}.Release|Any CPU.Build.0 = Release|Any CPU
	EndGlobalSection
	GlobalSection(SolutionProperties) = preSolution
		HideSolutionNode = FALSE
	EndGlobalSection
	GlobalSection(ExtensibilityGlobals) = postSolution
		SolutionGuid = {954C221A-98EC-4F7F-B529-801CE1FE92FA}
	EndGlobalSection
EndGlobal
